
Microsoft Visual Studio Solution File, Format Version 12.00
# Visual Studio Version 16
VisualStudioVersion = 16.0.29519.161
MinimumVisualStudioVersion = 10.0.40219.1
Project("{9A19103F-16F7-4668-BE54-9A1E7A4F7556}") = "AOC2019", "AOC2019.csproj", "{5B786542-3852-493B-8ED8-E8913C78BE65}"
EndProject
Global
	GlobalSection(SolutionConfigurationPlatforms) = preSolution
		Debug|Any CPU = Debug|Any CPU
		Release|Any CPU = Release|Any CPU
	EndGlobalSection
	GlobalSection(ProjectConfigurationPlatforms) = postSolution
		{5B786542-3852-493B-8ED8-E8913C78BE65}.Debug|Any CPU.ActiveCfg = Debug|Any CPU
		{5B786542-3852-493B-8ED8-E8913C78BE65}.Debug|Any CPU.Build.0 = Debug|Any CPU
		{5B786542-3852-493B-8ED8-E8913C78BE65}.Release|Any CPU.ActiveCfg = Release|Any CPU
		{5B786542-3852-493B-8ED8-E8913C78BE65}.Release|Any CPU.Build.0 = Release|Any CPU
	EndGlobalSection
	GlobalSection(SolutionProperties) = preSolution
		HideSolutionNode = FALSE
	EndGlobalSection
	GlobalSection(ExtensibilityGlobals) = postSolution
		SolutionGuid = {6822717C-38C4-454B-89AF-319A4AF29176}
	EndGlobalSection
EndGlobal
